
Microsoft Visual Studio Solution File, Format Version 12.00
# Visual Studio 15
VisualStudioVersion = 15.0.27703.2042
MinimumVisualStudioVersion = 10.0.40219.1
Project("{8BC9CEB8-8B4A-11D0-8D11-00A0C91BC942}") = "List_Morning", "List_Morning\List_Morning.vcxproj", "{F8C60AA0-A64B-41DB-B8E2-B8DC8AD02F77}"
EndProject
Global
	GlobalSection(SolutionConfigurationPlatforms) = preSolution
		Debug|x64 = Debug|x64
		Debug|x86 = Debug|x86
		Release|x64 = Release|x64
		Release|x86 = Release|x86
	EndGlobalSection
	GlobalSection(ProjectConfigurationPlatforms) = postSolution
		{F8C60AA0-A64B-41DB-B8E2-B8DC8AD02F77}.Debug|x64.ActiveCfg = Debug|x64
		{F8C60AA0-A64B-41DB-B8E2-B8DC8AD02F77}.Debug|x64.Build.0 = Debug|x64
		{F8C60AA0-A64B-41DB-B8E2-B8DC8AD02F77}.Debug|x86.ActiveCfg = Debug|Win32
		{F8C60AA0-A64B-41DB-B8E2-B8DC8AD02F77}.Debug|x86.Build.0 = Debug|Win32
		{F8C60AA0-A64B-41DB-B8E2-B8DC8AD02F77}.Release|x64.ActiveCfg = Release|x64
		{F8C60AA0-A64B-41DB-B8E2-B8DC8AD02F77}.Release|x64.Build.0 = Release|x64
		{F8C60AA0-A64B-41DB-B8E2-B8DC8AD02F77}.Release|x86.ActiveCfg = Release|Win32
		{F8C60AA0-A64B-41DB-B8E2-B8DC8AD02F77}.Release|x86.Build.0 = Release|Win32
	EndGlobalSection
	GlobalSection(SolutionProperties) = preSolution
		HideSolutionNode = FALSE
	EndGlobalSection
	GlobalSection(ExtensibilityGlobals) = postSolution
		SolutionGuid = {B12E37F2-8431-4389-81D6-4EE3E7F9BFF8}
	EndGlobalSection
EndGlobal
